
Microsoft Visual Studio Solution File, Format Version 12.00
# Visual Studio 2012
Project("{FAE04EC0-301F-11D3-BF4B-00C04F79EFBC}") = "WebApp", "WebApp\WebApp.csproj", "{C2A1C941-C26D-4E3B-A318-1C37655829B2}"
EndProject
Project("{FAE04EC0-301F-11D3-BF4B-00C04F79EFBC}") = "WebApp.Tests", "WebApp.Tests\WebApp.Tests.csproj", "{4E104858-8796-47E2-9415-B0A85C5A8AC3}"
EndProject
Global
	GlobalSection(SolutionConfigurationPlatforms) = preSolution
		Debug|Any CPU = Debug|Any CPU
		Release|Any CPU = Release|Any CPU
	EndGlobalSection
	GlobalSection(ProjectConfigurationPlatforms) = postSolution
		{C2A1C941-C26D-4E3B-A318-1C37655829B2}.Debug|Any CPU.ActiveCfg = Debug|Any CPU
		{C2A1C941-C26D-4E3B-A318-1C37655829B2}.Debug|Any CPU.Build.0 = Debug|Any CPU
		{C2A1C941-C26D-4E3B-A318-1C37655829B2}.Release|Any CPU.ActiveCfg = Release|Any CPU
		{C2A1C941-C26D-4E3B-A318-1C37655829B2}.Release|Any CPU.Build.0 = Release|Any CPU
		{4E104858-8796-47E2-9415-B0A85C5A8AC3}.Debug|Any CPU.ActiveCfg = Debug|Any CPU
		{4E104858-8796-47E2-9415-B0A85C5A8AC3}.Debug|Any CPU.Build.0 = Debug|Any CPU
		{4E104858-8796-47E2-9415-B0A85C5A8AC3}.Release|Any CPU.ActiveCfg = Release|Any CPU
		{4E104858-8796-47E2-9415-B0A85C5A8AC3}.Release|Any CPU.Build.0 = Release|Any CPU
	EndGlobalSection
	GlobalSection(SolutionProperties) = preSolution
		HideSolutionNode = FALSE
	EndGlobalSection
EndGlobal
